
Microsoft Visual Studio Solution File, Format Version 12.00
# Visual Studio Version 16
VisualStudioVersion = 16.0.31624.102
MinimumVisualStudioVersion = 10.0.40219.1
Project("{9A19103F-16F7-4668-BE54-9A1E7A4F7556}") = "Operatorler", "Operatorler\Operatorler.csproj", "{6B79B03B-1435-4C2B-9E52-D113ACB86DBF}"
EndProject
Project("{9A19103F-16F7-4668-BE54-9A1E7A4F7556}") = "TipDonusumleri", "TipDonusumleri\TipDonusumleri.csproj", "{5575EF50-F5BD-4991-B961-96579A651A65}"
EndProject
Project("{9A19103F-16F7-4668-BE54-9A1E7A4F7556}") = "HataYonetimi", "HataYonetimi\HataYonetimi.csproj", "{970CB5D9-2A88-49EB-9938-73B38A301ED3}"
EndProject
Project("{9A19103F-16F7-4668-BE54-9A1E7A4F7556}") = "IfElse", "IfElse\IfElse.csproj", "{D72FEED5-B0AE-47B4-9C04-820897E7CF74}"
EndProject
Project("{9A19103F-16F7-4668-BE54-9A1E7A4F7556}") = "deneme", "deneme\deneme.csproj", "{BB58DD4F-38E2-4D19-B2D1-F79850EF9D77}"
EndProject
Project("{9A19103F-16F7-4668-BE54-9A1E7A4F7556}") = "SwitchCase", "SwitchCase\SwitchCase.csproj", "{768A7F67-7A76-4673-B338-B09E7325E15E}"
EndProject
Project("{9A19103F-16F7-4668-BE54-9A1E7A4F7556}") = "ForLoopBreakContinue", "ForLoopBreakContinue\ForLoopBreakContinue.csproj", "{8533E210-2482-4755-AE07-ECF5B2B6D38D}"
EndProject
Project("{9A19103F-16F7-4668-BE54-9A1E7A4F7556}") = "WhileForeach", "whileForeach\WhileForeach.csproj", "{340C5174-9FD7-43DE-B0F8-18009E9CD103}"
EndProject
Project("{9A19103F-16F7-4668-BE54-9A1E7A4F7556}") = "Diziler", "Diziler\Diziler.csproj", "{476ACE5F-9EA1-475E-B1D4-87328BA2A867}"
EndProject
Project("{FAE04EC0-301F-11D3-BF4B-00C04F79EFBC}") = "ArraySinifiMetotlari", "ArraySinifiMetotlari\ArraySinifiMetotlari.csproj", "{87E6AF94-9A30-489C-B385-145A79CFBEAC}"
EndProject
Global
	GlobalSection(SolutionConfigurationPlatforms) = preSolution
		Debug|Any CPU = Debug|Any CPU
		Release|Any CPU = Release|Any CPU
	EndGlobalSection
	GlobalSection(ProjectConfigurationPlatforms) = postSolution
		{6B79B03B-1435-4C2B-9E52-D113ACB86DBF}.Debug|Any CPU.ActiveCfg = Debug|Any CPU
		{6B79B03B-1435-4C2B-9E52-D113ACB86DBF}.Debug|Any CPU.Build.0 = Debug|Any CPU
		{6B79B03B-1435-4C2B-9E52-D113ACB86DBF}.Release|Any CPU.ActiveCfg = Release|Any CPU
		{6B79B03B-1435-4C2B-9E52-D113ACB86DBF}.Release|Any CPU.Build.0 = Release|Any CPU
		{5575EF50-F5BD-4991-B961-96579A651A65}.Debug|Any CPU.ActiveCfg = Debug|Any CPU
		{5575EF50-F5BD-4991-B961-96579A651A65}.Debug|Any CPU.Build.0 = Debug|Any CPU
		{5575EF50-F5BD-4991-B961-96579A651A65}.Release|Any CPU.ActiveCfg = Release|Any CPU
		{5575EF50-F5BD-4991-B961-96579A651A65}.Release|Any CPU.Build.0 = Release|Any CPU
		{970CB5D9-2A88-49EB-9938-73B38A301ED3}.Debug|Any CPU.ActiveCfg = Debug|Any CPU
		{970CB5D9-2A88-49EB-9938-73B38A301ED3}.Debug|Any CPU.Build.0 = Debug|Any CPU
		{970CB5D9-2A88-49EB-9938-73B38A301ED3}.Release|Any CPU.ActiveCfg = Release|Any CPU
		{970CB5D9-2A88-49EB-9938-73B38A301ED3}.Release|Any CPU.Build.0 = Release|Any CPU
		{D72FEED5-B0AE-47B4-9C04-820897E7CF74}.Debug|Any CPU.ActiveCfg = Debug|Any CPU
		{D72FEED5-B0AE-47B4-9C04-820897E7CF74}.Debug|Any CPU.Build.0 = Debug|Any CPU
		{D72FEED5-B0AE-47B4-9C04-820897E7CF74}.Release|Any CPU.ActiveCfg = Release|Any CPU
		{D72FEED5-B0AE-47B4-9C04-820897E7CF74}.Release|Any CPU.Build.0 = Release|Any CPU
		{BB58DD4F-38E2-4D19-B2D1-F79850EF9D77}.Debug|Any CPU.ActiveCfg = Debug|Any CPU
		{BB58DD4F-38E2-4D19-B2D1-F79850EF9D77}.Debug|Any CPU.Build.0 = Debug|Any CPU
		{BB58DD4F-38E2-4D19-B2D1-F79850EF9D77}.Release|Any CPU.ActiveCfg = Release|Any CPU
		{BB58DD4F-38E2-4D19-B2D1-F79850EF9D77}.Release|Any CPU.Build.0 = Release|Any CPU
		{768A7F67-7A76-4673-B338-B09E7325E15E}.Debug|Any CPU.ActiveCfg = Debug|Any CPU
		{768A7F67-7A76-4673-B338-B09E7325E15E}.Debug|Any CPU.Build.0 = Debug|Any CPU
		{768A7F67-7A76-4673-B338-B09E7325E15E}.Release|Any CPU.ActiveCfg = Release|Any CPU
		{768A7F67-7A76-4673-B338-B09E7325E15E}.Release|Any CPU.Build.0 = Release|Any CPU
		{8533E210-2482-4755-AE07-ECF5B2B6D38D}.Debug|Any CPU.ActiveCfg = Debug|Any CPU
		{8533E210-2482-4755-AE07-ECF5B2B6D38D}.Debug|Any CPU.Build.0 = Debug|Any CPU
		{8533E210-2482-4755-AE07-ECF5B2B6D38D}.Release|Any CPU.ActiveCfg = Release|Any CPU
		{8533E210-2482-4755-AE07-ECF5B2B6D38D}.Release|Any CPU.Build.0 = Release|Any CPU
		{340C5174-9FD7-43DE-B0F8-18009E9CD103}.Debug|Any CPU.ActiveCfg = Debug|Any CPU
		{340C5174-9FD7-43DE-B0F8-18009E9CD103}.Debug|Any CPU.Build.0 = Debug|Any CPU
		{340C5174-9FD7-43DE-B0F8-18009E9CD103}.Release|Any CPU.ActiveCfg = Release|Any CPU
		{340C5174-9FD7-43DE-B0F8-18009E9CD103}.Release|Any CPU.Build.0 = Release|Any CPU
		{476ACE5F-9EA1-475E-B1D4-87328BA2A867}.Debug|Any CPU.ActiveCfg = Debug|Any CPU
		{476ACE5F-9EA1-475E-B1D4-87328BA2A867}.Debug|Any CPU.Build.0 = Debug|Any CPU
		{476ACE5F-9EA1-475E-B1D4-87328BA2A867}.Release|Any CPU.ActiveCfg = Release|Any CPU
		{476ACE5F-9EA1-475E-B1D4-87328BA2A867}.Release|Any CPU.Build.0 = Release|Any CPU
		{87E6AF94-9A30-489C-B385-145A79CFBEAC}.Debug|Any CPU.ActiveCfg = Debug|Any CPU
		{87E6AF94-9A30-489C-B385-145A79CFBEAC}.Debug|Any CPU.Build.0 = Debug|Any CPU
		{87E6AF94-9A30-489C-B385-145A79CFBEAC}.Release|Any CPU.ActiveCfg = Release|Any CPU
		{87E6AF94-9A30-489C-B385-145A79CFBEAC}.Release|Any CPU.Build.0 = Release|Any CPU
	EndGlobalSection
	GlobalSection(SolutionProperties) = preSolution
		HideSolutionNode = FALSE
	EndGlobalSection
	GlobalSection(ExtensibilityGlobals) = postSolution
		SolutionGuid = {80F93604-D1F2-48D4-BB3B-9E3982E6AA61}
	EndGlobalSection
EndGlobal
